// !$*UTF8*$!
{
	archiveVersion = 1;
	classes = {
	};
	objectVersion = 50;
	objects = {

/* Begin PBXBuildFile section */
		259623D9248410C600EA15A3 /* AppDelegate.swift in Sources */ = {isa = PBXBuildFile; fileRef = 259623D8248410C600EA15A3 /* AppDelegate.swift */; };
		259623DB248410C600EA15A3 /* SceneDelegate.swift in Sources */ = {isa = PBXBuildFile; fileRef = 259623DA248410C600EA15A3 /* SceneDelegate.swift */; };
		259623DD248410C600EA15A3 /* ContentView.swift in Sources */ = {isa = PBXBuildFile; fileRef = 259623DC248410C600EA15A3 /* ContentView.swift */; };
		259623DF248410C800EA15A3 /* Assets.xcassets in Resources */ = {isa = PBXBuildFile; fileRef = 259623DE248410C800EA15A3 /* Assets.xcassets */; };
		259623E2248410C800EA15A3 /* Preview Assets.xcassets in Resources */ = {isa = PBXBuildFile; fileRef = 259623E1248410C800EA15A3 /* Preview Assets.xcassets */; };
		259623E5248410C800EA15A3 /* LaunchScreen.storyboard in Resources */ = {isa = PBXBuildFile; fileRef = 259623E3248410C800EA15A3 /* LaunchScreen.storyboard */; };
		259623EF2484119100EA15A3 /* ImageView.swift in Sources */ = {isa = PBXBuildFile; fileRef = 259623EE2484119100EA15A3 /* ImageView.swift */; };
		259623F12484132200EA15A3 /* ImageLoader.swift in Sources */ = {isa = PBXBuildFile; fileRef = 259623F02484132200EA15A3 /* ImageLoader.swift */; };
		259DD57F248D27AA0054CDF7 /* Carousel.swift in Sources */ = {isa = PBXBuildFile; fileRef = 259DD57E248D27AA0054CDF7 /* Carousel.swift */; };
/* End PBXBuildFile section */

/* Begin PBXFileReference section */
		259623D5248410C600EA15A3 /* SwiftUICarousel.app */ = {isa = PBXFileReference; explicitFileType = wrapper.application; includeInIndex = 0; path = SwiftUICarousel.app; sourceTree = BUILT_PRODUCTS_DIR; };
		259623D8248410C600EA15A3 /* AppDelegate.swift */ = {isa = PBXFileReference; lastKnownFileType = sourcecode.swift; path = AppDelegate.swift; sourceTree = "<group>"; };
		259623DA248410C600EA15A3 /* SceneDelegate.swift */ = {isa = PBXFileReference; lastKnownFileType = sourcecode.swift; path = SceneDelegate.swift; sourceTree = "<group>"; };
		259623DC248410C600EA15A3 /* ContentView.swift */ = {isa = PBXFileReference; lastKnownFileType = sourcecode.swift; path = ContentView.swift; sourceTree = "<group>"; };
		259623DE248410C800EA15A3 /* Assets.xcassets */ = {isa = PBXFileReference; lastKnownFileType = folder.assetcatalog; path = Assets.xcassets; sourceTree = "<group>"; };
		259623E1248410C800EA15A3 /* Preview Assets.xcassets */ = {isa = PBXFileReference; lastKnownFileType = folder.assetcatalog; path = "Preview Assets.xcassets"; sourceTree = "<group>"; };
		259623E4248410C800EA15A3 /* Base */ = {isa = PBXFileReference; lastKnownFileType = file.storyboard; name = Base; path = Base.lproj/LaunchScreen.storyboard; sourceTree = "<group>"; };
		259623E6248410C800EA15A3 /* Info.plist */ = {isa = PBXFileReference; lastKnownFileType = text.plist.xml; path = Info.plist; sourceTree = "<group>"; };
		259623EE2484119100EA15A3 /* ImageView.swift */ = {isa = PBXFileReference; lastKnownFileType = sourcecode.swift; path = ImageView.swift; sourceTree = "<group>"; };
		259623F02484132200EA15A3 /* ImageLoader.swift */ = {isa = PBXFileReference; lastKnownFileType = sourcecode.swift; path = ImageLoader.swift; sourceTree = "<group>"; };
		259DD57E248D27AA0054CDF7 /* Carousel.swift */ = {isa = PBXFileReference; lastKnownFileType = sourcecode.swift; path = Carousel.swift; sourceTree = "<group>"; };
/* End PBXFileReference section */

/* Begin PBXFrameworksBuildPhase section */
		259623D2248410C600EA15A3 /* Frameworks */ = {
			isa = PBXFrameworksBuildPhase;
			buildActionMask = 2147483647;
			files = (
			);
			runOnlyForDeploymentPostprocessing = 0;
		};
/* End PBXFrameworksBuildPhase section */

/* Begin PBXGroup section */
		259623CC248410C600EA15A3 = {
			isa = PBXGroup;
			children = (
				259623D7248410C600EA15A3 /* SwiftUICarousel */,
				259623D6248410C600EA15A3 /* Products */,
			);
			sourceTree = "<group>";
		};
		259623D6248410C600EA15A3 /* Products */ = {
			isa = PBXGroup;
			children = (
				259623D5248410C600EA15A3 /* SwiftUICarousel.app */,
			);
			name = Products;
			sourceTree = "<group>";
		};
		259623D7248410C600EA15A3 /* SwiftUICarousel */ = {
			isa = PBXGroup;
			children = (
				259623D8248410C600EA15A3 /* AppDelegate.swift */,
				259623DA248410C600EA15A3 /* SceneDelegate.swift */,
				259623DC248410C600EA15A3 /* ContentView.swift */,
				259623DE248410C800EA15A3 /* Assets.xcassets */,
				259623E3248410C800EA15A3 /* LaunchScreen.storyboard */,
				259623E6248410C800EA15A3 /* Info.plist */,
				259623E0248410C800EA15A3 /* Preview Content */,
				259DD57E248D27AA0054CDF7 /* Carousel.swift */,
				259623F02484132200EA15A3 /* ImageLoader.swift */,
				259623EE2484119100EA15A3 /* ImageView.swift */,
			);
			path = SwiftUICarousel;
			sourceTree = "<group>";
		};
		259623E0248410C800EA15A3 /* Preview Content */ = {
			isa = PBXGroup;
			children = (
				259623E1248410C800EA15A3 /* Preview Assets.xcassets */,
			);
			path = "Preview Content";
			sourceTree = "<group>";
		};
/* End PBXGroup section */

/* Begin PBXNativeTarget section */
		259623D4248410C600EA15A3 /* SwiftUICarousel */ = {
			isa = PBXNativeTarget;
			buildConfigurationList = 259623E9248410C800EA15A3 /* Build configuration list for PBXNativeTarget "SwiftUICarousel" */;
			buildPhases = (
				259623D1248410C600EA15A3 /* Sources */,
				259623D2248410C600EA15A3 /* Frameworks */,
				259623D3248410C600EA15A3 /* Resources */,
			);
			buildRules = (
			);
			dependencies = (
			);
			name = SwiftUICarousel;
			productName = SwiftUICarousel;
			productReference = 259623D5248410C600EA15A3 /* SwiftUICarousel.app */;
			productType = "com.apple.product-type.application";
		};
/* End PBXNativeTarget section */

/* Begin PBXProject section */
		259623CD248410C600EA15A3 /* Project object */ = {
			isa = PBXProject;
			attributes = {
				LastSwiftUpdateCheck = 1150;
				LastUpgradeCheck = 1150;
				ORGANIZATIONNAME = "Gualtiero Frigerio";
				TargetAttributes = {
					259623D4248410C600EA15A3 = {
						CreatedOnToolsVersion = 11.5;
					};
				};
			};
			buildConfigurationList = 259623D0248410C600EA15A3 /* Build configuration list for PBXProject "SwiftUICarousel" */;
			compatibilityVersion = "Xcode 9.3";
			developmentRegion = en;
			hasScannedForEncodings = 0;
			knownRegions = (
				en,
				Base,
			);
			mainGroup = 259623CC248410C600EA15A3;
			productRefGroup = 259623D6248410C600EA15A3 /* Products */;
			projectDirPath = "";
			projectRoot = "";
			targets = (
				259623D4248410C600EA15A3 /* SwiftUICarousel */,
			);
		};
/* End PBXProject section */

/* Begin PBXResourcesBuildPhase section */
		259623D3248410C600EA15A3 /* Resources */ = {
			isa = PBXResourcesBuildPhase;
			buildActionMask = 2147483647;
			files = (
				259623E5248410C800EA15A3 /* LaunchScreen.storyboard in Resources */,
				259623E2248410C800EA15A3 /* Preview Assets.xcassets in Resources */,
				259623DF248410C800EA15A3 /* Assets.xcassets in Resources */,
			);
			runOnlyForDeploymentPostprocessing = 0;
		};
/* End PBXResourcesBuildPhase section */

/* Begin PBXSourcesBuildPhase section */
		259623D1248410C600EA15A3 /* Sources */ = {
			isa = PBXSourcesBuildPhase;
			buildActionMask = 2147483647;
			files = (
				259623D9248410C600EA15A3 /* AppDelegate.swift in Sources */,
				259623EF2484119100EA15A3 /* ImageView.swift in Sources */,
				259623F12484132200EA15A3 /* ImageLoader.swift in Sources */,
				259DD57F248D27AA0054CDF7 /* Carousel.swift in Sources */,
				259623DB248410C600EA15A3 /* SceneDelegate.swift in Sources */,
				259623DD248410C600EA15A3 /* ContentView.swift in Sources */,
			);
			runOnlyForDeploymentPostprocessing = 0;
		};
/* End PBXSourcesBuildPhase section */

/* Begin PBXVariantGroup section */
		259623E3248410C800EA15A3 /* LaunchScreen.storyboard */ = {
			isa = PBXVariantGroup;
			children = (
				259623E4248410C800EA15A3 /* Base */,
			);
			name = LaunchScreen.storyboard;
			sourceTree = "<group>";
		};
/* End PBXVariantGroup section */

/* Begin XCBuildConfiguration section */
		259623E7248410C800EA15A3 /* Debug */ = {
			isa = XCBuildConfiguration;
			buildSettings = {
				ALWAYS_SEARCH_USER_PATHS = NO;
				CLANG_ANALYZER_NONNULL = YES;
				CLANG_ANALYZER_NUMBER_OBJECT_CONVERSION = YES_AGGRESSIVE;
				CLANG_CXX_LANGUAGE_STANDARD = "gnu++14";
				CLANG_CXX_LIBRARY = "libc++";
				CLANG_ENABLE_MODULES = YES;
				CLANG_ENABLE_OBJC_ARC = YES;
				CLANG_ENABLE_OBJC_WEAK = YES;
				CLANG_WARN_BLOCK_CAPTURE_AUTORELEASING = YES;
				CLANG_WARN_BOOL_CONVERSION = YES;
				CLANG_WARN_COMMA = YES;
				CLANG_WARN_CONSTANT_CONVERSION = YES;
				CLANG_WARN_DEPRECATED_OBJC_IMPLEMENTATIONS = YES;
				CLANG_WARN_DIRECT_OBJC_ISA_USAGE = YES_ERROR;
				CLANG_WARN_DOCUMENTATION_COMMENTS = YES;
				CLANG_WARN_EMPTY_BODY = YES;
				CLANG_WARN_ENUM_CONVERSION = YES;
				CLANG_WARN_INFINITE_RECURSION = YES;
				CLANG_WARN_INT_CONVERSION = YES;
				CLANG_WARN_NON_LITERAL_NULL_CONVERSION = YES;
				CLANG_WARN_OBJC_IMPLICIT_RETAIN_SELF = YES;
				CLANG_WARN_OBJC_LITERAL_CONVERSION = YES;
				CLANG_WARN_OBJC_ROOT_CLASS = YES_ERROR;
				CLANG_WARN_RANGE_LOOP_ANALYSIS = YES;
				CLANG_WARN_STRICT_PROTOTYPES = YES;
				CLANG_WARN_SUSPICIOUS_MOVE = YES;
				CLANG_WARN_UNGUARDED_AVAILABILITY = YES_AGGRESSIVE;
				CLANG_WARN_UNREACHABLE_CODE = YES;
				CLANG_WARN__DUPLICATE_METHOD_MATCH = YES;
				COPY_PHASE_STRIP = NO;
				DEBUG_INFORMATION_FORMAT = dwarf;
				ENABLE_STRICT_OBJC_MSGSEND = YES;
				ENABLE_TESTABILITY = YES;
				GCC_C_LANGUAGE_STANDARD = gnu11;
				GCC_DYNAMIC_NO_PIC = NO;
				GCC_NO_COMMON_BLOCKS = YES;
				GCC_OPTIMIZATION_LEVEL = 0;
				GCC_PREPROCESSOR_DEFINITIONS = (
					"DEBUG=1",
					"$(inherited)",
				);
				GCC_WARN_64_TO_32_BIT_CONVERSION = YES;
				GCC_WARN_ABOUT_RETURN_TYPE = YES_ERROR;
				GCC_WARN_UNDECLARED_SELECTOR = YES;
				GCC_WARN_UNINITIALIZED_AUTOS = YES_AGGRESSIVE;
				GCC_WARN_UNUSED_FUNCTION = YES;
				GCC_WARN_UNUSED_VARIABLE = YES;
				IPHONEOS_DEPLOYMENT_TARGET = 13.5;
				MTL_ENABLE_DEBUG_INFO = INCLUDE_SOURCE;
				MTL_FAST_MATH = YES;
				ONLY_ACTIVE_ARCH = YES;
				SDKROOT = iphoneos;
				SWIFT_ACTIVE_COMPILATION_CONDITIONS = DEBUG;
				SWIFT_OPTIMIZATION_LEVEL = "-Onone";
			};
			name = Debug;
		};
		259623E8248410C800EA15A3 /* Release */ = {
			isa = XCBuildConfiguration;
			buildSettings = {
				ALWAYS_SEARCH_USER_PATHS = NO;
				CLANG_ANALYZER_NONNULL = YES;
				CLANG_ANALYZER_NUMBER_OBJECT_CONVERSION = YES_AGGRESSIVE;
				CLANG_CXX_LANGUAGE_STANDARD = "gnu++14";
				CLANG_CXX_LIBRARY = "libc++";
				CLANG_ENABLE_MODULES = YES;
				CLANG_ENABLE_OBJC_ARC = YES;
				CLANG_ENABLE_OBJC_WEAK = YES;
				CLANG_WARN_BLOCK_CAPTURE_AUTORELEASING = YES;
				CLANG_WARN_BOOL_CONVERSION = YES;
				CLANG_WARN_COMMA = YES;
				CLANG_WARN_CONSTANT_CONVERSION = YES;
				CLANG_WARN_DEPRECATED_OBJC_IMPLEMENTATIONS = YES;
				CLANG_WARN_DIRECT_OBJC_ISA_USAGE = YES_ERROR;
				CLANG_WARN_DOCUMENTATION_COMMENTS = YES;
				CLANG_WARN_EMPTY_BODY = YES;
				CLANG_WARN_ENUM_CONVERSION = YES;
				CLANG_WARN_INFINITE_RECURSION = YES;
				CLANG_WARN_INT_CONVERSION = YES;
				CLANG_WARN_NON_LITERAL_NULL_CONVERSION = YES;
				CLANG_WARN_OBJC_IMPLICIT_RETAIN_SELF = YES;
				CLANG_WARN_OBJC_LITERAL_CONVERSION = YES;
				CLANG_WARN_OBJC_ROOT_CLASS = YES_ERROR;
				CLANG_WARN_RANGE_LOOP_ANALYSIS = YES;
				CLANG_WARN_STRICT_PROTOTYPES = YES;
				CLANG_WARN_SUSPICIOUS_MOVE = YES;
				CLANG_WARN_UNGUARDED_AVAILABILITY = YES_AGGRESSIVE;
				CLANG_WARN_UNREACHABLE_CODE = YES;
				CLANG_WARN__DUPLICATE_METHOD_MATCH = YES;
				COPY_PHASE_STRIP = NO;
				DEBUG_INFORMATION_FORMAT = "dwarf-with-dsym";
				ENABLE_NS_ASSERTIONS = NO;
				ENABLE_STRICT_OBJC_MSGSEND = YES;
				GCC_C_LANGUAGE_STANDARD = gnu11;
				GCC_NO_COMMON_BLOCKS = YES;
				GCC_WARN_64_TO_32_BIT_CONVERSION = YES;
				GCC_WARN_ABOUT_RETURN_TYPE = YES_ERROR;
				GCC_WARN_UNDECLARED_SELECTOR = YES;
				GCC_WARN_UNINITIALIZED_AUTOS = YES_AGGRESSIVE;
				GCC_WARN_UNUSED_FUNCTION = YES;
				GCC_WARN_UNUSED_VARIABLE = YES;
				IPHONEOS_DEPLOYMENT_TARGET = 13.5;
				MTL_ENABLE_DEBUG_INFO = NO;
				MTL_FAST_MATH = YES;
				SDKROOT = iphoneos;
				SWIFT_COMPILATION_MODE = wholemodule;
				SWIFT_OPTIMIZATION_LEVEL = "-O";
				VALIDATE_PRODUCT = YES;
			};
			name = Release;
		};
		259623EA248410C800EA15A3 /* Debug */ = {
			isa = XCBuildConfiguration;
			buildSettings = {
				ASSETCATALOG_COMPILER_APPICON_NAME = AppIcon;
				CODE_SIGN_STYLE = Automatic;
				DEVELOPMENT_ASSET_PATHS = "\"SwiftUICarousel/Preview Content\"";
				ENABLE_PREVIEWS = YES;
				INFOPLIST_FILE = SwiftUICarousel/Info.plist;
				LD_RUNPATH_SEARCH_PATHS = (
					"$(inherited)",
					"@executable_path/Frameworks",
				);
				PRODUCT_BUNDLE_IDENTIFIER = gfrigerio.com.SwiftUICarousel;
				PRODUCT_NAME = "$(TARGET_NAME)";
				SWIFT_VERSION = 5.0;
				TARGETED_DEVICE_FAMILY = "1,2";
			};
			name = Debug;
		};
		259623EB248410C800EA15A3 /* Release */ = {
			isa = XCBuildConfiguration;
			buildSettings = {
				ASSETCATALOG_COMPILER_APPICON_NAME = AppIcon;
				CODE_SIGN_STYLE = Automatic;
				DEVELOPMENT_ASSET_PATHS = "\"SwiftUICarousel/Preview Content\"";
				ENABLE_PREVIEWS = YES;
				INFOPLIST_FILE = SwiftUICarousel/Info.plist;
				LD_RUNPATH_SEARCH_PATHS = (
					"$(inherited)",
					"@executable_path/Frameworks",
				);
				PRODUCT_BUNDLE_IDENTIFIER = gfrigerio.com.SwiftUICarousel;
				PRODUCT_NAME = "$(TARGET_NAME)";
				SWIFT_VERSION = 5.0;
				TARGETED_DEVICE_FAMILY = "1,2";
			};
			name = Release;
		};
/* End XCBuildConfiguration section */

/* Begin XCConfigurationList section */
		259623D0248410C600EA15A3 /* Build configuration list for PBXProject "SwiftUICarousel" */ = {
			isa = XCConfigurationList;
			buildConfigurations = (
				259623E7248410C800EA15A3 /* Debug */,
				259623E8248410C800EA15A3 /* Release */,
			);
			defaultConfigurationIsVisible = 0;
			defaultConfigurationName = Release;
		};
		259623E9248410C800EA15A3 /* Build configuration list for PBXNativeTarget "SwiftUICarousel" */ = {
			isa = XCConfigurationList;
			buildConfigurations = (
				259623EA248410C800EA15A3 /* Debug */,
				259623EB248410C800EA15A3 /* Release */,
			);
			defaultConfigurationIsVisible = 0;
			defaultConfigurationName = Release;
		};
/* End XCConfigurationList section */
	};
	rootObject = 259623CD248410C600EA15A3 /* Project object */;
}
